
Microsoft Visual Studio Solution File, Format Version 12.00
# Visual Studio 15
VisualStudioVersion = 15.0.26730.16
MinimumVisualStudioVersion = 10.0.40219.1
Project("{2150E333-8FDC-42A3-9474-1A3956D46DE8}") = ".paket", ".paket", "{FAA15D32-CB94-447F-A08E-4A82076C4556}"
	ProjectSection(SolutionItems) = preProject
		paket.dependencies = paket.dependencies
		paket.lock = paket.lock
	EndProjectSection
EndProject
Project("{6EC3EE1D-3C4E-46DD-8F32-0CC8E7565705}") = "FsUnit.xUnit.Typed", "src\FsUnit.xUnit.Typed\FsUnit.xUnit.Typed.fsproj", "{26270D69-BE56-404C-A4ED-63DA88FF07B3}"
EndProject
Project("{6EC3EE1D-3C4E-46DD-8F32-0CC8E7565705}") = "FsUnit.xUnit.Typed.Test", "tests\FsUnit.xUnit.Typed.Test\FsUnit.xUnit.Typed.Test.fsproj", "{441D045C-D16F-41C2-A435-50E698246DA5}"
EndProject
Project("{2150E333-8FDC-42A3-9474-1A3956D46DE8}") = ".build", ".build", "{1345ABC4-D88A-4B4E-9BBD-F136E8848081}"
	ProjectSection(SolutionItems) = preProject
		appveyor.yml = appveyor.yml
		build.cmd = build.cmd
		README.md = README.md
	EndProjectSection
EndProject
Global
	GlobalSection(SolutionConfigurationPlatforms) = preSolution
		Debug|Any CPU = Debug|Any CPU
		Release|Any CPU = Release|Any CPU
	EndGlobalSection
	GlobalSection(ProjectConfigurationPlatforms) = postSolution
		{26270D69-BE56-404C-A4ED-63DA88FF07B3}.Debug|Any CPU.ActiveCfg = Debug|Any CPU
		{26270D69-BE56-404C-A4ED-63DA88FF07B3}.Debug|Any CPU.Build.0 = Debug|Any CPU
		{26270D69-BE56-404C-A4ED-63DA88FF07B3}.Release|Any CPU.ActiveCfg = Release|Any CPU
		{26270D69-BE56-404C-A4ED-63DA88FF07B3}.Release|Any CPU.Build.0 = Release|Any CPU
		{441D045C-D16F-41C2-A435-50E698246DA5}.Debug|Any CPU.ActiveCfg = Debug|Any CPU
		{441D045C-D16F-41C2-A435-50E698246DA5}.Debug|Any CPU.Build.0 = Debug|Any CPU
		{441D045C-D16F-41C2-A435-50E698246DA5}.Release|Any CPU.ActiveCfg = Release|Any CPU
		{441D045C-D16F-41C2-A435-50E698246DA5}.Release|Any CPU.Build.0 = Release|Any CPU
	EndGlobalSection
	GlobalSection(SolutionProperties) = preSolution
		HideSolutionNode = FALSE
	EndGlobalSection
	GlobalSection(ExtensibilityGlobals) = postSolution
		SolutionGuid = {D33ADEC3-FD8A-40A6-9112-B6863DC49056}
	EndGlobalSection
EndGlobal
